// !$*UTF8*$!
{
	archiveVersion = 1;
	classes = {
	};
	objectVersion = 46;
	objects = {

/* Begin PBXBuildFile section */
		4593F54EBD719CB1A6930695 /* Pods.framework in Frameworks */ = {isa = PBXBuildFile; fileRef = 87E2F1119F1545FD344AD0A5 /* Pods.framework */; };
		71105C7C1C983DEB009A7A10 /* ShopGood.swift in Sources */ = {isa = PBXBuildFile; fileRef = 71105C7B1C983DEB009A7A10 /* ShopGood.swift */; };
		714B0DE71C8B2F4F00DD5EEB /* ConfirmOrderViewController.swift in Sources */ = {isa = PBXBuildFile; fileRef = 714B0DE61C8B2F4F00DD5EEB /* ConfirmOrderViewController.swift */; };
		714B0DEA1C8B3AAC00DD5EEB /* TableViewCell1.swift in Sources */ = {isa = PBXBuildFile; fileRef = 714B0DE91C8B3AAC00DD5EEB /* TableViewCell1.swift */; };
		714B0DEC1C8B3AB500DD5EEB /* TableViewCell2.swift in Sources */ = {isa = PBXBuildFile; fileRef = 714B0DEB1C8B3AB500DD5EEB /* TableViewCell2.swift */; };
		714B0DEE1C8B3AC100DD5EEB /* TableViewCell3.swift in Sources */ = {isa = PBXBuildFile; fileRef = 714B0DED1C8B3AC100DD5EEB /* TableViewCell3.swift */; };
		714B0DF01C8B3ACB00DD5EEB /* TableViewCell4.swift in Sources */ = {isa = PBXBuildFile; fileRef = 714B0DEF1C8B3ACB00DD5EEB /* TableViewCell4.swift */; };
		714B0DF21C8B3AD400DD5EEB /* TableViewCell5.swift in Sources */ = {isa = PBXBuildFile; fileRef = 714B0DF11C8B3AD400DD5EEB /* TableViewCell5.swift */; };
		714B0DF41C8B3ADC00DD5EEB /* TableViewCell6.swift in Sources */ = {isa = PBXBuildFile; fileRef = 714B0DF31C8B3ADC00DD5EEB /* TableViewCell6.swift */; };
		714B0DF61C8BF10E00DD5EEB /* OrderInfoViewController.swift in Sources */ = {isa = PBXBuildFile; fileRef = 714B0DF51C8BF10E00DD5EEB /* OrderInfoViewController.swift */; };
		714B0DF81C8BF55F00DD5EEB /* OrderDetailTableViewCell.swift in Sources */ = {isa = PBXBuildFile; fileRef = 714B0DF71C8BF55F00DD5EEB /* OrderDetailTableViewCell.swift */; };
		7172AFED1C87347300E37337 /* ShopDetailViewController.swift in Sources */ = {isa = PBXBuildFile; fileRef = 7172AFEC1C87347300E37337 /* ShopDetailViewController.swift */; };
		7172AFEF1C8739DA00E37337 /* OrderDetailViewController.swift in Sources */ = {isa = PBXBuildFile; fileRef = 7172AFEE1C8739DA00E37337 /* OrderDetailViewController.swift */; };
		7194D5A71C5A591700294A8A /* PersonInfoViewController.swift in Sources */ = {isa = PBXBuildFile; fileRef = 7194D5A61C5A591700294A8A /* PersonInfoViewController.swift */; };
		719861941C4B6EFC00803F26 /* libWeChatSDK.a in Frameworks */ = {isa = PBXBuildFile; fileRef = 7198618F1C4B6EFC00803F26 /* libWeChatSDK.a */; };
		719861951C4B6EFC00803F26 /* read_me.txt in Resources */ = {isa = PBXBuildFile; fileRef = 719861901C4B6EFC00803F26 /* read_me.txt */; };
		719861971C4B6FFF00803F26 /* SystemConfiguration.framework in Frameworks */ = {isa = PBXBuildFile; fileRef = 719861961C4B6FFF00803F26 /* SystemConfiguration.framework */; };
		7198619B1C4B709900803F26 /* libsqlite3.0.tbd in Frameworks */ = {isa = PBXBuildFile; fileRef = 7198619A1C4B709900803F26 /* libsqlite3.0.tbd */; };
		7198619C1C4B70A100803F26 /* libz.tbd in Frameworks */ = {isa = PBXBuildFile; fileRef = 719861981C4B701700803F26 /* libz.tbd */; };
		7198619E1C4B70B800803F26 /* libc++.tbd in Frameworks */ = {isa = PBXBuildFile; fileRef = 7198619D1C4B70B800803F26 /* libc++.tbd */; };
		71BD9BAF1C95B0B7006B6AE2 /* AlipaySDK.bundle in Resources */ = {isa = PBXBuildFile; fileRef = 71BD9BAD1C95B0B7006B6AE2 /* AlipaySDK.bundle */; };
		71BD9BB01C95B0B7006B6AE2 /* AlipaySDK.framework in Frameworks */ = {isa = PBXBuildFile; fileRef = 71BD9BAE1C95B0B7006B6AE2 /* AlipaySDK.framework */; };
		71BD9BB21C95B0FD006B6AE2 /* CoreTelephony.framework in Frameworks */ = {isa = PBXBuildFile; fileRef = 71BD9BB11C95B0FD006B6AE2 /* CoreTelephony.framework */; };
		71BD9BB41C95B109006B6AE2 /* QuartzCore.framework in Frameworks */ = {isa = PBXBuildFile; fileRef = 71BD9BB31C95B109006B6AE2 /* QuartzCore.framework */; };
		71BD9BB61C95B116006B6AE2 /* CoreText.framework in Frameworks */ = {isa = PBXBuildFile; fileRef = 71BD9BB51C95B116006B6AE2 /* CoreText.framework */; };
		71BD9BB81C95B128006B6AE2 /* CoreGraphics.framework in Frameworks */ = {isa = PBXBuildFile; fileRef = 71BD9BB71C95B128006B6AE2 /* CoreGraphics.framework */; };
		71BD9BBA1C95B13F006B6AE2 /* CoreMotion.framework in Frameworks */ = {isa = PBXBuildFile; fileRef = 71BD9BB91C95B13F006B6AE2 /* CoreMotion.framework */; };
		71BD9BBC1C95B14B006B6AE2 /* UIKit.framework in Frameworks */ = {isa = PBXBuildFile; fileRef = 71BD9BBB1C95B14B006B6AE2 /* UIKit.framework */; };
		71BD9BBE1C95B155006B6AE2 /* Foundation.framework in Frameworks */ = {isa = PBXBuildFile; fileRef = 71BD9BBD1C95B155006B6AE2 /* Foundation.framework */; };
		71BD9BC01C95B15C006B6AE2 /* CFNetwork.framework in Frameworks */ = {isa = PBXBuildFile; fileRef = 71BD9BBF1C95B15C006B6AE2 /* CFNetwork.framework */; };
		71C3A4171C3175980042F851 /* ForgetPasswordViewController.swift in Sources */ = {isa = PBXBuildFile; fileRef = 71C3A40D1C3175980042F851 /* ForgetPasswordViewController.swift */; };
		71C3A4181C3175980042F851 /* LoginViewController.swift in Sources */ = {isa = PBXBuildFile; fileRef = 71C3A40E1C3175980042F851 /* LoginViewController.swift */; };
		71C3A4191C3175980042F851 /* RegisterViewController.swift in Sources */ = {isa = PBXBuildFile; fileRef = 71C3A40F1C3175980042F851 /* RegisterViewController.swift */; };
		71C3A41D1C3175B50042F851 /* Login.storyboard in Resources */ = {isa = PBXBuildFile; fileRef = 71C3A41B1C3175B50042F851 /* Login.storyboard */; };
		71C3A41F1C31771E0042F851 /* QNInterceptor.swift in Sources */ = {isa = PBXBuildFile; fileRef = 71C3A41E1C31771E0042F851 /* QNInterceptor.swift */; };
		71C3A4251C3185000042F851 /* NearbyViewController.swift in Sources */ = {isa = PBXBuildFile; fileRef = 71C3A4241C3185000042F851 /* NearbyViewController.swift */; };
		71C3A4271C3185100042F851 /* MarketViewController.swift in Sources */ = {isa = PBXBuildFile; fileRef = 71C3A4261C3185100042F851 /* MarketViewController.swift */; };
		71C3A4291C31851E0042F851 /* PromotionViewController.swift in Sources */ = {isa = PBXBuildFile; fileRef = 71C3A4281C31851E0042F851 /* PromotionViewController.swift */; };
		71C3A42B1C3185300042F851 /* UserViewController.swift in Sources */ = {isa = PBXBuildFile; fileRef = 71C3A42A1C3185300042F851 /* UserViewController.swift */; };
		71D834BA1C8DD98700B9C6F3 /* GoodsListViewController.swift in Sources */ = {isa = PBXBuildFile; fileRef = 71D834B91C8DD98700B9C6F3 /* GoodsListViewController.swift */; };
		71D834BD1C8DDDDA00B9C6F3 /* GoodTableViewCell.swift in Sources */ = {isa = PBXBuildFile; fileRef = 71D834BB1C8DDDDA00B9C6F3 /* GoodTableViewCell.swift */; };
		71D834BE1C8DDDDA00B9C6F3 /* GoodTableViewCell.xib in Resources */ = {isa = PBXBuildFile; fileRef = 71D834BC1C8DDDDA00B9C6F3 /* GoodTableViewCell.xib */; };
		71D834C01C8F04C000B9C6F3 /* QNFormatTool.swift in Sources */ = {isa = PBXBuildFile; fileRef = 71D834BF1C8F04C000B9C6F3 /* QNFormatTool.swift */; };
		BB033B451C59E3C3007DB94D /* Category.swift in Sources */ = {isa = PBXBuildFile; fileRef = BB033B441C59E3C3007DB94D /* Category.swift */; };
		BB033B471C59E5DF007DB94D /* Good.swift in Sources */ = {isa = PBXBuildFile; fileRef = BB033B461C59E5DF007DB94D /* Good.swift */; };
		BB033B491C59EA88007DB94D /* AdModel.swift in Sources */ = {isa = PBXBuildFile; fileRef = BB033B481C59EA88007DB94D /* AdModel.swift */; };
		BB11281D1C58582200297DAD /* LyActivityView.swift in Sources */ = {isa = PBXBuildFile; fileRef = BB11281B1C58582200297DAD /* LyActivityView.swift */; };
		BB11281E1C58582200297DAD /* LyPrompt.swift in Sources */ = {isa = PBXBuildFile; fileRef = BB11281C1C58582200297DAD /* LyPrompt.swift */; };
		BB1128241C5868AA00297DAD /* NSData+AES.m in Sources */ = {isa = PBXBuildFile; fileRef = BB1128211C5868AA00297DAD /* NSData+AES.m */; };
		BB1128251C5868AA00297DAD /* NSString+AES.m in Sources */ = {isa = PBXBuildFile; fileRef = BB1128231C5868AA00297DAD /* NSString+AES.m */; };
		BB2896B91CAA532400AB70FA /* IP.m in Sources */ = {isa = PBXBuildFile; fileRef = BB2896B81CAA532400AB70FA /* IP.m */; };
		BB47B29F1C8E736D00323AD5 /* CustomPickView.swift in Sources */ = {isa = PBXBuildFile; fileRef = BB47B29E1C8E736D00323AD5 /* CustomPickView.swift */; };
		BB47B2A31C8E94F300323AD5 /* address.db in Resources */ = {isa = PBXBuildFile; fileRef = BB47B2A21C8E94F300323AD5 /* address.db */; };
		BB52E9711C47328200E0D1EC /* User.swift in Sources */ = {isa = PBXBuildFile; fileRef = BB52E9701C47328200E0D1EC /* User.swift */; };
		BB52E9731C47369600E0D1EC /* QNSharedDatas.swift in Sources */ = {isa = PBXBuildFile; fileRef = BB52E9721C47369600E0D1EC /* QNSharedDatas.swift */; };
		BB52E9751C47764900E0D1EC /* Shop.swift in Sources */ = {isa = PBXBuildFile; fileRef = BB52E9741C47764900E0D1EC /* Shop.swift */; };
		BB643BB21C30EE4C00BE6790 /* AppDelegate.swift in Sources */ = {isa = PBXBuildFile; fileRef = BB643BB11C30EE4C00BE6790 /* AppDelegate.swift */; };
		BB643BB71C30EE4C00BE6790 /* Main.storyboard in Resources */ = {isa = PBXBuildFile; fileRef = BB643BB51C30EE4C00BE6790 /* Main.storyboard */; };
		BB643BB91C30EE4C00BE6790 /* Assets.xcassets in Resources */ = {isa = PBXBuildFile; fileRef = BB643BB81C30EE4C00BE6790 /* Assets.xcassets */; };
		BB643BBC1C30EE4C00BE6790 /* LaunchScreen.storyboard in Resources */ = {isa = PBXBuildFile; fileRef = BB643BBA1C30EE4C00BE6790 /* LaunchScreen.storyboard */; };
		BB643BC71C30EE4C00BE6790 /* MarketingUITests.swift in Sources */ = {isa = PBXBuildFile; fileRef = BB643BC61C30EE4C00BE6790 /* MarketingUITests.swift */; };
		BB643BD21C30EEFE00BE6790 /* readme.txt in Resources */ = {isa = PBXBuildFile; fileRef = BB643BD11C30EEFE00BE6790 /* readme.txt */; };
		BB643BE41C30EF0E00BE6790 /* QNTabBarController.swift in Sources */ = {isa = PBXBuildFile; fileRef = BB643BD41C30EF0E00BE6790 /* QNTabBarController.swift */; };
		BB643BE51C30EF0E00BE6790 /* Constents.swift in Sources */ = {isa = PBXBuildFile; fileRef = BB643BD51C30EF0E00BE6790 /* Constents.swift */; };
		BB643BE61C30EF0E00BE6790 /* QN_Base.swift in Sources */ = {isa = PBXBuildFile; fileRef = BB643BD71C30EF0E00BE6790 /* QN_Base.swift */; };
		BB643BE71C30EF0E00BE6790 /* StringExtension.swift in Sources */ = {isa = PBXBuildFile; fileRef = BB643BD91C30EF0E00BE6790 /* StringExtension.swift */; };
		BB643BE81C30EF0E00BE6790 /* UIImageExtension.swift in Sources */ = {isa = PBXBuildFile; fileRef = BB643BDA1C30EF0E00BE6790 /* UIImageExtension.swift */; };
		BB643BE91C30EF0E00BE6790 /* UIViewControllerExtension.swift in Sources */ = {isa = PBXBuildFile; fileRef = BB643BDB1C30EF0E00BE6790 /* UIViewControllerExtension.swift */; };
		BB643BEA1C30EF0E00BE6790 /* UIViewExtension.swift in Sources */ = {isa = PBXBuildFile; fileRef = BB643BDC1C30EF0E00BE6790 /* UIViewExtension.swift */; };
		BB643BEB1C30EF0E00BE6790 /* QNStyleAttribute.swift in Sources */ = {isa = PBXBuildFile; fileRef = BB643BDF1C30EF0E00BE6790 /* QNStyleAttribute.swift */; };
		BB643BEC1C30EF0E00BE6790 /* QNNetworkTool.swift in Sources */ = {isa = PBXBuildFile; fileRef = BB643BE21C30EF0E00BE6790 /* QNNetworkTool.swift */; };
		BB643BED1C30EF0E00BE6790 /* QNTool.swift in Sources */ = {isa = PBXBuildFile; fileRef = BB643BE31C30EF0E00BE6790 /* QNTool.swift */; };
		BBE32FC31C3227CE0095BA88 /* MyCollectionViewController.swift in Sources */ = {isa = PBXBuildFile; fileRef = BBE32FC21C3227CE0095BA88 /* MyCollectionViewController.swift */; };
		BBE32FC51C3227EE0095BA88 /* MyOrderViewController.swift in Sources */ = {isa = PBXBuildFile; fileRef = BBE32FC41C3227EE0095BA88 /* MyOrderViewController.swift */; };
		BBE32FC71C3228000095BA88 /* ChangePWDViewController.swift in Sources */ = {isa = PBXBuildFile; fileRef = BBE32FC61C3228000095BA88 /* ChangePWDViewController.swift */; };
		BBE32FC91C328BD60095BA88 /* PayOrderViewController.swift in Sources */ = {isa = PBXBuildFile; fileRef = BBE32FC81C328BD60095BA88 /* PayOrderViewController.swift */; };
		BBE32FD01C328E5A0095BA88 /* CollectionTableViewCell.swift in Sources */ = {isa = PBXBuildFile; fileRef = BBE32FCE1C328E5A0095BA88 /* CollectionTableViewCell.swift */; };
		BBE32FD11C328E5A0095BA88 /* OrderTableViewCell.swift in Sources */ = {isa = PBXBuildFile; fileRef = BBE32FCF1C328E5A0095BA88 /* OrderTableViewCell.swift */; };
		BBF1C5C91C4F59D80057FDE4 /* BaseViewController.swift in Sources */ = {isa = PBXBuildFile; fileRef = BBF1C5C81C4F59D80057FDE4 /* BaseViewController.swift */; };
		BBF93C331C33AF1E0058894C /* PromotionCollectionViewCell.swift in Sources */ = {isa = PBXBuildFile; fileRef = BBF93C321C33AF1E0058894C /* PromotionCollectionViewCell.swift */; };
		BBF93C351C33B49B0058894C /* NearbySCollectionViewCell.swift in Sources */ = {isa = PBXBuildFile; fileRef = BBF93C341C33B49B0058894C /* NearbySCollectionViewCell.swift */; };
		BBF93C371C33B4A60058894C /* NearbyBCollectionViewCell.swift in Sources */ = {isa = PBXBuildFile; fileRef = BBF93C361C33B4A60058894C /* NearbyBCollectionViewCell.swift */; };
		BBF93C391C33B8490058894C /* MarketCollectionViewCell.swift in Sources */ = {isa = PBXBuildFile; fileRef = BBF93C381C33B8490058894C /* MarketCollectionViewCell.swift */; };
		BBFF7C841C852C6C0092C7CB /* Order.swift in Sources */ = {isa = PBXBuildFile; fileRef = BBFF7C831C852C6C0092C7CB /* Order.swift */; };
		BBFF7C861C8533970092C7CB /* BusinessCategory.swift in Sources */ = {isa = PBXBuildFile; fileRef = BBFF7C851C8533970092C7CB /* BusinessCategory.swift */; };
		BBFF7C881C8575250092C7CB /* ShopCategory.swift in Sources */ = {isa = PBXBuildFile; fileRef = BBFF7C871C8575250092C7CB /* ShopCategory.swift */; };
		BBFF7C8A1C85798C0092C7CB /* ShopListTableViewController.swift in Sources */ = {isa = PBXBuildFile; fileRef = BBFF7C891C85798C0092C7CB /* ShopListTableViewController.swift */; };
		BBFF7C8C1C8583BA0092C7CB /* Address.swift in Sources */ = {isa = PBXBuildFile; fileRef = BBFF7C8B1C8583BA0092C7CB /* Address.swift */; };
/* End PBXBuildFile section */

/* Begin PBXContainerItemProxy section */
		BB643BC31C30EE4C00BE6790 /* PBXContainerItemProxy */ = {
			isa = PBXContainerItemProxy;
			containerPortal = BB643BA61C30EE4C00BE6790 /* Project object */;
			proxyType = 1;
			remoteGlobalIDString = BB643BAD1C30EE4C00BE6790;
			remoteInfo = Marketing;
		};
/* End PBXContainerItemProxy section */

/* Begin PBXFileReference section */
		71105C7B1C983DEB009A7A10 /* ShopGood.swift */ = {isa = PBXFileReference; fileEncoding = 4; lastKnownFileType = sourcecode.swift; path = ShopGood.swift; sourceTree = "<group>"; };
		714B0DE61C8B2F4F00DD5EEB /* ConfirmOrderViewController.swift */ = {isa = PBXFileReference; fileEncoding = 4; lastKnownFileType = sourcecode.swift; path = ConfirmOrderViewController.swift; sourceTree = "<group>"; };
		714B0DE91C8B3AAC00DD5EEB /* TableViewCell1.swift */ = {isa = PBXFileReference; fileEncoding = 4; lastKnownFileType = sourcecode.swift; path = TableViewCell1.swift; sourceTree = "<group>"; };
		714B0DEB1C8B3AB500DD5EEB /* TableViewCell2.swift */ = {isa = PBXFileReference; fileEncoding = 4; lastKnownFileType = sourcecode.swift; path = TableViewCell2.swift; sourceTree = "<group>"; };
		714B0DED1C8B3AC100DD5EEB /* TableViewCell3.swift */ = {isa = PBXFileReference; fileEncoding = 4; lastKnownFileType = sourcecode.swift; path = TableViewCell3.swift; sourceTree = "<group>"; };
		714B0DEF1C8B3ACB00DD5EEB /* TableViewCell4.swift */ = {isa = PBXFileReference; fileEncoding = 4; lastKnownFileType = sourcecode.swift; path = TableViewCell4.swift; sourceTree = "<group>"; };
		714B0DF11C8B3AD400DD5EEB /* TableViewCell5.swift */ = {isa = PBXFileReference; fileEncoding = 4; lastKnownFileType = sourcecode.swift; path = TableViewCell5.swift; sourceTree = "<group>"; };
		714B0DF31C8B3ADC00DD5EEB /* TableViewCell6.swift */ = {isa = PBXFileReference; fileEncoding = 4; lastKnownFileType = sourcecode.swift; path = TableViewCell6.swift; sourceTree = "<group>"; };
		714B0DF51C8BF10E00DD5EEB /* OrderInfoViewController.swift */ = {isa = PBXFileReference; fileEncoding = 4; lastKnownFileType = sourcecode.swift; path = OrderInfoViewController.swift; sourceTree = "<group>"; };
		714B0DF71C8BF55F00DD5EEB /* OrderDetailTableViewCell.swift */ = {isa = PBXFileReference; fileEncoding = 4; lastKnownFileType = sourcecode.swift; path = OrderDetailTableViewCell.swift; sourceTree = "<group>"; };
		7172AFEC1C87347300E37337 /* ShopDetailViewController.swift */ = {isa = PBXFileReference; fileEncoding = 4; lastKnownFileType = sourcecode.swift; path = ShopDetailViewController.swift; sourceTree = "<group>"; };
		7172AFEE1C8739DA00E37337 /* OrderDetailViewController.swift */ = {isa = PBXFileReference; fileEncoding = 4; lastKnownFileType = sourcecode.swift; path = OrderDetailViewController.swift; sourceTree = "<group>"; };
		719177E61CA6E955008464B1 /* IPAdress.h */ = {isa = PBXFileReference; fileEncoding = 4; lastKnownFileType = sourcecode.c.h; path = IPAdress.h; sourceTree = "<group>"; };
		7194D5A61C5A591700294A8A /* PersonInfoViewController.swift */ = {isa = PBXFileReference; fileEncoding = 4; lastKnownFileType = sourcecode.swift; path = PersonInfoViewController.swift; sourceTree = "<group>"; };
		7198618F1C4B6EFC00803F26 /* libWeChatSDK.a */ = {isa = PBXFileReference; lastKnownFileType = archive.ar; path = libWeChatSDK.a; sourceTree = "<group>"; };
		719861901C4B6EFC00803F26 /* read_me.txt */ = {isa = PBXFileReference; fileEncoding = 4; lastKnownFileType = text; path = read_me.txt; sourceTree = "<group>"; };
		719861911C4B6EFC00803F26 /* WechatAuthSDK.h */ = {isa = PBXFileReference; fileEncoding = 4; lastKnownFileType = sourcecode.c.h; path = WechatAuthSDK.h; sourceTree = "<group>"; };
		719861921C4B6EFC00803F26 /* WXApi.h */ = {isa = PBXFileReference; fileEncoding = 4; lastKnownFileType = sourcecode.c.h; path = WXApi.h; sourceTree = "<group>"; };
		719861931C4B6EFC00803F26 /* WXApiObject.h */ = {isa = PBXFileReference; fileEncoding = 4; lastKnownFileType = sourcecode.c.h; path = WXApiObject.h; sourceTree = "<group>"; };
		719861961C4B6FFF00803F26 /* SystemConfiguration.framework */ = {isa = PBXFileReference; lastKnownFileType = wrapper.framework; name = SystemConfiguration.framework; path = System/Library/Frameworks/SystemConfiguration.framework; sourceTree = SDKROOT; };
		719861981C4B701700803F26 /* libz.tbd */ = {isa = PBXFileReference; lastKnownFileType = "sourcecode.text-based-dylib-definition"; name = libz.tbd; path = usr/lib/libz.tbd; sourceTree = SDKROOT; };
		7198619A1C4B709900803F26 /* libsqlite3.0.tbd */ = {isa = PBXFileReference; lastKnownFileType = "sourcecode.text-based-dylib-definition"; name = libsqlite3.0.tbd; path = usr/lib/libsqlite3.0.tbd; sourceTree = SDKROOT; };
		7198619D1C4B70B800803F26 /* libc++.tbd */ = {isa = PBXFileReference; lastKnownFileType = "sourcecode.text-based-dylib-definition"; name = "libc++.tbd"; path = "usr/lib/libc++.tbd"; sourceTree = SDKROOT; };
		71BD9BAD1C95B0B7006B6AE2 /* AlipaySDK.bundle */ = {isa = PBXFileReference; lastKnownFileType = "wrapper.plug-in"; path = AlipaySDK.bundle; sourceTree = "<group>"; };
		71BD9BAE1C95B0B7006B6AE2 /* AlipaySDK.framework */ = {isa = PBXFileReference; lastKnownFileType = wrapper.framework; path = AlipaySDK.framework; sourceTree = "<group>"; };
		71BD9BB11C95B0FD006B6AE2 /* CoreTelephony.framework */ = {isa = PBXFileReference; lastKnownFileType = wrapper.framework; name = CoreTelephony.framework; path = System/Library/Frameworks/CoreTelephony.framework; sourceTree = SDKROOT; };
		71BD9BB31C95B109006B6AE2 /* QuartzCore.framework */ = {isa = PBXFileReference; lastKnownFileType = wrapper.framework; name = QuartzCore.framework; path = System/Library/Frameworks/QuartzCore.framework; sourceTree = SDKROOT; };
		71BD9BB51C95B116006B6AE2 /* CoreText.framework */ = {isa = PBXFileReference; lastKnownFileType = wrapper.framework; name = CoreText.framework; path = System/Library/Frameworks/CoreText.framework; sourceTree = SDKROOT; };
		71BD9BB71C95B128006B6AE2 /* CoreGraphics.framework */ = {isa = PBXFileReference; lastKnownFileType = wrapper.framework; name = CoreGraphics.framework; path = System/Library/Frameworks/CoreGraphics.framework; sourceTree = SDKROOT; };
		71BD9BB91C95B13F006B6AE2 /* CoreMotion.framework */ = {isa = PBXFileReference; lastKnownFileType = wrapper.framework; name = CoreMotion.framework; path = System/Library/Frameworks/CoreMotion.framework; sourceTree = SDKROOT; };
		71BD9BBB1C95B14B006B6AE2 /* UIKit.framework */ = {isa = PBXFileReference; lastKnownFileType = wrapper.framework; name = UIKit.framework; path = System/Library/Frameworks/UIKit.framework; sourceTree = SDKROOT; };
		71BD9BBD1C95B155006B6AE2 /* Foundation.framework */ = {isa = PBXFileReference; lastKnownFileType = wrapper.framework; name = Foundation.framework; path = System/Library/Frameworks/Foundation.framework; sourceTree = SDKROOT; };
		71BD9BBF1C95B15C006B6AE2 /* CFNetwork.framework */ = {isa = PBXFileReference; lastKnownFileType = wrapper.framework; name = CFNetwork.framework; path = System/Library/Frameworks/CFNetwork.framework; sourceTree = SDKROOT; };
		71C3A40D1C3175980042F851 /* ForgetPasswordViewController.swift */ = {isa = PBXFileReference; fileEncoding = 4; lastKnownFileType = sourcecode.swift; path = ForgetPasswordViewController.swift; sourceTree = "<group>"; };
		71C3A40E1C3175980042F851 /* LoginViewController.swift */ = {isa = PBXFileReference; fileEncoding = 4; lastKnownFileType = sourcecode.swift; path = LoginViewController.swift; sourceTree = "<group>"; };
		71C3A40F1C3175980042F851 /* RegisterViewController.swift */ = {isa = PBXFileReference; fileEncoding = 4; lastKnownFileType = sourcecode.swift; path = RegisterViewController.swift; sourceTree = "<group>"; };
		71C3A41C1C3175B50042F851 /* Base */ = {isa = PBXFileReference; lastKnownFileType = file.storyboard; name = Base; path = Base.lproj/Login.storyboard; sourceTree = "<group>"; };
		71C3A41E1C31771E0042F851 /* QNInterceptor.swift */ = {isa = PBXFileReference; fileEncoding = 4; lastKnownFileType = sourcecode.swift; path = QNInterceptor.swift; sourceTree = "<group>"; };
		71C3A4241C3185000042F851 /* NearbyViewController.swift */ = {isa = PBXFileReference; fileEncoding = 4; lastKnownFileType = sourcecode.swift; path = NearbyViewController.swift; sourceTree = "<group>"; };
		71C3A4261C3185100042F851 /* MarketViewController.swift */ = {isa = PBXFileReference; fileEncoding = 4; lastKnownFileType = sourcecode.swift; path = MarketViewController.swift; sourceTree = "<group>"; };
		71C3A4281C31851E0042F851 /* PromotionViewController.swift */ = {isa = PBXFileReference; fileEncoding = 4; lastKnownFileType = sourcecode.swift; path = PromotionViewController.swift; sourceTree = "<group>"; };
		71C3A42A1C3185300042F851 /* UserViewController.swift */ = {isa = PBXFileReference; fileEncoding = 4; lastKnownFileType = sourcecode.swift; path = UserViewController.swift; sourceTree = "<group>"; };
		71D834B91C8DD98700B9C6F3 /* GoodsListViewController.swift */ = {isa = PBXFileReference; fileEncoding = 4; lastKnownFileType = sourcecode.swift; path = GoodsListViewController.swift; sourceTree = "<group>"; };
		71D834BB1C8DDDDA00B9C6F3 /* GoodTableViewCell.swift */ = {isa = PBXFileReference; fileEncoding = 4; lastKnownFileType = sourcecode.swift; path = GoodTableViewCell.swift; sourceTree = "<group>"; };
		71D834BC1C8DDDDA00B9C6F3 /* GoodTableViewCell.xib */ = {isa = PBXFileReference; fileEncoding = 4; lastKnownFileType = file.xib; path = GoodTableViewCell.xib; sourceTree = "<group>"; };
		71D834BF1C8F04C000B9C6F3 /* QNFormatTool.swift */ = {isa = PBXFileReference; fileEncoding = 4; lastKnownFileType = sourcecode.swift; path = QNFormatTool.swift; sourceTree = "<group>"; };
		87E2F1119F1545FD344AD0A5 /* Pods.framework */ = {isa = PBXFileReference; explicitFileType = wrapper.framework; includeInIndex = 0; path = Pods.framework; sourceTree = BUILT_PRODUCTS_DIR; };
		BB033B441C59E3C3007DB94D /* Category.swift */ = {isa = PBXFileReference; fileEncoding = 4; lastKnownFileType = sourcecode.swift; path = Category.swift; sourceTree = "<group>"; };
		BB033B461C59E5DF007DB94D /* Good.swift */ = {isa = PBXFileReference; fileEncoding = 4; lastKnownFileType = sourcecode.swift; path = Good.swift; sourceTree = "<group>"; };
		BB033B481C59EA88007DB94D /* AdModel.swift */ = {isa = PBXFileReference; fileEncoding = 4; lastKnownFileType = sourcecode.swift; path = AdModel.swift; sourceTree = "<group>"; };
		BB11281B1C58582200297DAD /* LyActivityView.swift */ = {isa = PBXFileReference; fileEncoding = 4; lastKnownFileType = sourcecode.swift; path = LyActivityView.swift; sourceTree = "<group>"; };
		BB11281C1C58582200297DAD /* LyPrompt.swift */ = {isa = PBXFileReference; fileEncoding = 4; lastKnownFileType = sourcecode.swift; path = LyPrompt.swift; sourceTree = "<group>"; };
		BB1128201C5868AA00297DAD /* NSData+AES.h */ = {isa = PBXFileReference; fileEncoding = 4; lastKnownFileType = sourcecode.c.h; path = "NSData+AES.h"; sourceTree = "<group>"; };
		BB1128211C5868AA00297DAD /* NSData+AES.m */ = {isa = PBXFileReference; fileEncoding = 4; lastKnownFileType = sourcecode.c.objc; path = "NSData+AES.m"; sourceTree = "<group>"; };
		BB1128221C5868AA00297DAD /* NSString+AES.h */ = {isa = PBXFileReference; fileEncoding = 4; lastKnownFileType = sourcecode.c.h; path = "NSString+AES.h"; sourceTree = "<group>"; };
		BB1128231C5868AA00297DAD /* NSString+AES.m */ = {isa = PBXFileReference; fileEncoding = 4; lastKnownFileType = sourcecode.c.objc; path = "NSString+AES.m"; sourceTree = "<group>"; };
		BB1128271C586A8800297DAD /* Marketing-Bridging-Header.h */ = {isa = PBXFileReference; fileEncoding = 4; lastKnownFileType = sourcecode.c.h; path = "Marketing-Bridging-Header.h"; sourceTree = "<group>"; };
		BB2896B71CAA532400AB70FA /* IP.h */ = {isa = PBXFileReference; fileEncoding = 4; lastKnownFileType = sourcecode.c.h; path = IP.h; sourceTree = "<group>"; };
		BB2896B81CAA532400AB70FA /* IP.m */ = {isa = PBXFileReference; fileEncoding = 4; lastKnownFileType = sourcecode.c.objc; path = IP.m; sourceTree = "<group>"; };
		BB47B29E1C8E736D00323AD5 /* CustomPickView.swift */ = {isa = PBXFileReference; fileEncoding = 4; lastKnownFileType = sourcecode.swift; path = CustomPickView.swift; sourceTree = "<group>"; };
		BB47B2A21C8E94F300323AD5 /* address.db */ = {isa = PBXFileReference; lastKnownFileType = file; path = address.db; sourceTree = "<group>"; };
		BB52E9701C47328200E0D1EC /* User.swift */ = {isa = PBXFileReference; fileEncoding = 4; lastKnownFileType = sourcecode.swift; path = User.swift; sourceTree = "<group>"; };
		BB52E9721C47369600E0D1EC /* QNSharedDatas.swift */ = {isa = PBXFileReference; fileEncoding = 4; lastKnownFileType = sourcecode.swift; path = QNSharedDatas.swift; sourceTree = "<group>"; };
		BB52E9741C47764900E0D1EC /* Shop.swift */ = {isa = PBXFileReference; fileEncoding = 4; lastKnownFileType = sourcecode.swift; path = Shop.swift; sourceTree = "<group>"; };
		BB643BAE1C30EE4C00BE6790 /* Marketing.app */ = {isa = PBXFileReference; explicitFileType = wrapper.application; includeInIndex = 0; path = Marketing.app; sourceTree = BUILT_PRODUCTS_DIR; };
		BB643BB11C30EE4C00BE6790 /* AppDelegate.swift */ = {isa = PBXFileReference; lastKnownFileType = sourcecode.swift; path = AppDelegate.swift; sourceTree = "<group>"; };
		BB643BB61C30EE4C00BE6790 /* Base */ = {isa = PBXFileReference; lastKnownFileType = file.storyboard; name = Base; path = Base.lproj/Main.storyboard; sourceTree = "<group>"; };
		BB643BB81C30EE4C00BE6790 /* Assets.xcassets */ = {isa = PBXFileReference; lastKnownFileType = folder.assetcatalog; path = Assets.xcassets; sourceTree = "<group>"; };
		BB643BBB1C30EE4C00BE6790 /* Base */ = {isa = PBXFileReference; lastKnownFileType = file.storyboard; name = Base; path = Base.lproj/LaunchScreen.storyboard; sourceTree = "<group>"; };
		BB643BBD1C30EE4C00BE6790 /* Info.plist */ = {isa = PBXFileReference; lastKnownFileType = text.plist.xml; path = Info.plist; sourceTree = "<group>"; };
		BB643BC21C30EE4C00BE6790 /* MarketingUITests.xctest */ = {isa = PBXFileReference; explicitFileType = wrapper.cfbundle; includeInIndex = 0; path = MarketingUITests.xctest; sourceTree = BUILT_PRODUCTS_DIR; };
		BB643BC61C30EE4C00BE6790 /* MarketingUITests.swift */ = {isa = PBXFileReference; lastKnownFileType = sourcecode.swift; path = MarketingUITests.swift; sourceTree = "<group>"; };
		BB643BC81C30EE4C00BE6790 /* Info.plist */ = {isa = PBXFileReference; lastKnownFileType = text.plist.xml; path = Info.plist; sourceTree = "<group>"; };
		BB643BD11C30EEFE00BE6790 /* readme.txt */ = {isa = PBXFileReference; fileEncoding = 4; lastKnownFileType = text; path = readme.txt; sourceTree = "<group>"; };
		BB643BD41C30EF0E00BE6790 /* QNTabBarController.swift */ = {isa = PBXFileReference; fileEncoding = 4; lastKnownFileType = sourcecode.swift; path = QNTabBarController.swift; sourceTree = "<group>"; };
		BB643BD51C30EF0E00BE6790 /* Constents.swift */ = {isa = PBXFileReference; fileEncoding = 4; lastKnownFileType = sourcecode.swift; path = Constents.swift; sourceTree = "<group>"; };
		BB643BD71C30EF0E00BE6790 /* QN_Base.swift */ = {isa = PBXFileReference; fileEncoding = 4; lastKnownFileType = sourcecode.swift; path = QN_Base.swift; sourceTree = "<group>"; };
		BB643BD91C30EF0E00BE6790 /* StringExtension.swift */ = {isa = PBXFileReference; fileEncoding = 4; lastKnownFileType = sourcecode.swift; path = StringExtension.swift; sourceTree = "<group>"; };
		BB643BDA1C30EF0E00BE6790 /* UIImageExtension.swift */ = {isa = PBXFileReference; fileEncoding = 4; lastKnownFileType = sourcecode.swift; path = UIImageExtension.swift; sourceTree = "<group>"; };
		BB643BDB1C30EF0E00BE6790 /* UIViewControllerExtension.swift */ = {isa = PBXFileReference; fileEncoding = 4; lastKnownFileType = sourcecode.swift; path = UIViewControllerExtension.swift; sourceTree = "<group>"; };
		BB643BDC1C30EF0E00BE6790 /* UIViewExtension.swift */ = {isa = PBXFileReference; fileEncoding = 4; lastKnownFileType = sourcecode.swift; path = UIViewExtension.swift; sourceTree = "<group>"; };
		BB643BDF1C30EF0E00BE6790 /* QNStyleAttribute.swift */ = {isa = PBXFileReference; fileEncoding = 4; lastKnownFileType = sourcecode.swift; path = QNStyleAttribute.swift; sourceTree = "<group>"; };
		BB643BE21C30EF0E00BE6790 /* QNNetworkTool.swift */ = {isa = PBXFileReference; fileEncoding = 4; lastKnownFileType = sourcecode.swift; path = QNNetworkTool.swift; sourceTree = "<group>"; };
		BB643BE31C30EF0E00BE6790 /* QNTool.swift */ = {isa = PBXFileReference; fileEncoding = 4; lastKnownFileType = sourcecode.swift; path = QNTool.swift; sourceTree = "<group>"; };
		BBE32FC21C3227CE0095BA88 /* MyCollectionViewController.swift */ = {isa = PBXFileReference; fileEncoding = 4; lastKnownFileType = sourcecode.swift; path = MyCollectionViewController.swift; sourceTree = "<group>"; };
		BBE32FC41C3227EE0095BA88 /* MyOrderViewController.swift */ = {isa = PBXFileReference; fileEncoding = 4; lastKnownFileType = sourcecode.swift; path = MyOrderViewController.swift; sourceTree = "<group>"; };
		BBE32FC61C3228000095BA88 /* ChangePWDViewController.swift */ = {isa = PBXFileReference; fileEncoding = 4; lastKnownFileType = sourcecode.swift; path = ChangePWDViewController.swift; sourceTree = "<group>"; };
		BBE32FC81C328BD60095BA88 /* PayOrderViewController.swift */ = {isa = PBXFileReference; fileEncoding = 4; lastKnownFileType = sourcecode.swift; path = PayOrderViewController.swift; sourceTree = "<group>"; };
		BBE32FCE1C328E5A0095BA88 /* CollectionTableViewCell.swift */ = {isa = PBXFileReference; fileEncoding = 4; lastKnownFileType = sourcecode.swift; path = CollectionTableViewCell.swift; sourceTree = "<group>"; };
		BBE32FCF1C328E5A0095BA88 /* OrderTableViewCell.swift */ = {isa = PBXFileReference; fileEncoding = 4; lastKnownFileType = sourcecode.swift; path = OrderTableViewCell.swift; sourceTree = "<group>"; };
		BBF1C5C81C4F59D80057FDE4 /* BaseViewController.swift */ = {isa = PBXFileReference; fileEncoding = 4; lastKnownFileType = sourcecode.swift; path = BaseViewController.swift; sourceTree = "<group>"; };
		BBF93C321C33AF1E0058894C /* PromotionCollectionViewCell.swift */ = {isa = PBXFileReference; fileEncoding = 4; lastKnownFileType = sourcecode.swift; path = PromotionCollectionViewCell.swift; sourceTree = "<group>"; };
		BBF93C341C33B49B0058894C /* NearbySCollectionViewCell.swift */ = {isa = PBXFileReference; fileEncoding = 4; lastKnownFileType = sourcecode.swift; path = NearbySCollectionViewCell.swift; sourceTree = "<group>"; };
		BBF93C361C33B4A60058894C /* NearbyBCollectionViewCell.swift */ = {isa = PBXFileReference; fileEncoding = 4; lastKnownFileType = sourcecode.swift; path = NearbyBCollectionViewCell.swift; sourceTree = "<group>"; };
		BBF93C381C33B8490058894C /* MarketCollectionViewCell.swift */ = {isa = PBXFileReference; fileEncoding = 4; lastKnownFileType = sourcecode.swift; path = MarketCollectionViewCell.swift; sourceTree = "<group>"; };
		BBFF7C831C852C6C0092C7CB /* Order.swift */ = {isa = PBXFileReference; fileEncoding = 4; lastKnownFileType = sourcecode.swift; path = Order.swift; sourceTree = "<group>"; };
		BBFF7C851C8533970092C7CB /* BusinessCategory.swift */ = {isa = PBXFileReference; fileEncoding = 4; lastKnownFileType = sourcecode.swift; path = BusinessCategory.swift; sourceTree = "<group>"; };
		BBFF7C871C8575250092C7CB /* ShopCategory.swift */ = {isa = PBXFileReference; fileEncoding = 4; lastKnownFileType = sourcecode.swift; path = ShopCategory.swift; sourceTree = "<group>"; };
		BBFF7C891C85798C0092C7CB /* ShopListTableViewController.swift */ = {isa = PBXFileReference; fileEncoding = 4; lastKnownFileType = sourcecode.swift; path = ShopListTableViewController.swift; sourceTree = "<group>"; };
		BBFF7C8B1C8583BA0092C7CB /* Address.swift */ = {isa = PBXFileReference; fileEncoding = 4; lastKnownFileType = sourcecode.swift; path = Address.swift; sourceTree = "<group>"; };
		F372F1E61691C173103A6F51 /* Pods.debug.xcconfig */ = {isa = PBXFileReference; includeInIndex = 1; lastKnownFileType = text.xcconfig; name = Pods.debug.xcconfig; path = "Pods/Target Support Files/Pods/Pods.debug.xcconfig"; sourceTree = "<group>"; };
		F85F8EDCC90C6F5369D98E8A /* Pods.release.xcconfig */ = {isa = PBXFileReference; includeInIndex = 1; lastKnownFileType = text.xcconfig; name = Pods.release.xcconfig; path = "Pods/Target Support Files/Pods/Pods.release.xcconfig"; sourceTree = "<group>"; };
/* End PBXFileReference section */

/* Begin PBXFrameworksBuildPhase section */
		BB643BAB1C30EE4C00BE6790 /* Frameworks */ = {
			isa = PBXFrameworksBuildPhase;
			buildActionMask = 2147483647;
			files = (
				71BD9BC01C95B15C006B6AE2 /* CFNetwork.framework in Frameworks */,
				71BD9BBE1C95B155006B6AE2 /* Foundation.framework in Frameworks */,
				71BD9BBC1C95B14B006B6AE2 /* UIKit.framework in Frameworks */,
				71BD9BBA1C95B13F006B6AE2 /* CoreMotion.framework in Frameworks */,
				71BD9BB81C95B128006B6AE2 /* CoreGraphics.framework in Frameworks */,
				71BD9BB61C95B116006B6AE2 /* CoreText.framework in Frameworks */,
				71BD9BB41C95B109006B6AE2 /* QuartzCore.framework in Frameworks */,
				71BD9BB21C95B0FD006B6AE2 /* CoreTelephony.framework in Frameworks */,
				7198619E1C4B70B800803F26 /* libc++.tbd in Frameworks */,
				71BD9BB01C95B0B7006B6AE2 /* AlipaySDK.framework in Frameworks */,
				7198619C1C4B70A100803F26 /* libz.tbd in Frameworks */,
				7198619B1C4B709900803F26 /* libsqlite3.0.tbd in Frameworks */,
				719861971C4B6FFF00803F26 /* SystemConfiguration.framework in Frameworks */,
				719861941C4B6EFC00803F26 /* libWeChatSDK.a in Frameworks */,
				4593F54EBD719CB1A6930695 /* Pods.framework in Frameworks */,
			);
			runOnlyForDeploymentPostprocessing = 0;
		};
		BB643BBF1C30EE4C00BE6790 /* Frameworks */ = {
			isa = PBXFrameworksBuildPhase;
			buildActionMask = 2147483647;
			files = (
			);
			runOnlyForDeploymentPostprocessing = 0;
		};
/* End PBXFrameworksBuildPhase section */

/* Begin PBXGroup section */
		385EDFD57E19E70DC646D726 /* Frameworks */ = {
			isa = PBXGroup;
			children = (
				71BD9BBF1C95B15C006B6AE2 /* CFNetwork.framework */,
				71BD9BBD1C95B155006B6AE2 /* Foundation.framework */,
				71BD9BBB1C95B14B006B6AE2 /* UIKit.framework */,
				71BD9BB91C95B13F006B6AE2 /* CoreMotion.framework */,
				71BD9BB71C95B128006B6AE2 /* CoreGraphics.framework */,
				71BD9BB51C95B116006B6AE2 /* CoreText.framework */,
				71BD9BB31C95B109006B6AE2 /* QuartzCore.framework */,
				71BD9BB11C95B0FD006B6AE2 /* CoreTelephony.framework */,
				7198619D1C4B70B800803F26 /* libc++.tbd */,
				7198619A1C4B709900803F26 /* libsqlite3.0.tbd */,
				719861981C4B701700803F26 /* libz.tbd */,
				719861961C4B6FFF00803F26 /* SystemConfiguration.framework */,
				87E2F1119F1545FD344AD0A5 /* Pods.framework */,
			);
			name = Frameworks;
			sourceTree = "<group>";
		};
		714B0DE81C8B3A7E00DD5EEB /* OrderCell */ = {
			isa = PBXGroup;
			children = (
				714B0DE91C8B3AAC00DD5EEB /* TableViewCell1.swift */,
				714B0DEB1C8B3AB500DD5EEB /* TableViewCell2.swift */,
				714B0DED1C8B3AC100DD5EEB /* TableViewCell3.swift */,
				714B0DEF1C8B3ACB00DD5EEB /* TableViewCell4.swift */,
				714B0DF11C8B3AD400DD5EEB /* TableViewCell5.swift */,
				714B0DF31C8B3ADC00DD5EEB /* TableViewCell6.swift */,
				714B0DF71C8BF55F00DD5EEB /* OrderDetailTableViewCell.swift */,
			);
			name = OrderCell;
			sourceTree = "<group>";
		};
		7198618E1C4B6EFC00803F26 /* Weixin */ = {
			isa = PBXGroup;
			children = (
				7198618F1C4B6EFC00803F26 /* libWeChatSDK.a */,
				719861901C4B6EFC00803F26 /* read_me.txt */,
				719861911C4B6EFC00803F26 /* WechatAuthSDK.h */,
				719861921C4B6EFC00803F26 /* WXApi.h */,
				719861931C4B6EFC00803F26 /* WXApiObject.h */,
			);
			path = Weixin;
			sourceTree = "<group>";
		};
		71BD9BAC1C95B0B7006B6AE2 /* Alipay */ = {
			isa = PBXGroup;
			children = (
				71BD9BAD1C95B0B7006B6AE2 /* AlipaySDK.bundle */,
				71BD9BAE1C95B0B7006B6AE2 /* AlipaySDK.framework */,
			);
			path = Alipay;
			sourceTree = "<group>";
		};
		71C3A4201C3184BC0042F851 /* Market */ = {
			isa = PBXGroup;
			children = (
				71C3A4261C3185100042F851 /* MarketViewController.swift */,
				BBF93C381C33B8490058894C /* MarketCollectionViewCell.swift */,
				71D834B91C8DD98700B9C6F3 /* GoodsListViewController.swift */,
				71D834BB1C8DDDDA00B9C6F3 /* GoodTableViewCell.swift */,
				71D834BC1C8DDDDA00B9C6F3 /* GoodTableViewCell.xib */,
			);
			path = Market;
			sourceTree = "<group>";
		};
		71C3A4211C3184BC0042F851 /* Nearby */ = {
			isa = PBXGroup;
			children = (
				71C3A4241C3185000042F851 /* NearbyViewController.swift */,
				BBF93C341C33B49B0058894C /* NearbySCollectionViewCell.swift */,
				BBF93C361C33B4A60058894C /* NearbyBCollectionViewCell.swift */,
				BBFF7C891C85798C0092C7CB /* ShopListTableViewController.swift */,
				7172AFEC1C87347300E37337 /* ShopDetailViewController.swift */,
			);
			path = Nearby;
			sourceTree = "<group>";
		};
		71C3A4221C3184BC0042F851 /* Promotion */ = {
			isa = PBXGroup;
			children = (
				71C3A4281C31851E0042F851 /* PromotionViewController.swift */,
				BBF93C321C33AF1E0058894C /* PromotionCollectionViewCell.swift */,
			);
			path = Promotion;
			sourceTree = "<group>";
		};
		71C3A4231C3184BC0042F851 /* UserCenter */ = {
			isa = PBXGroup;
			children = (
				714B0DE81C8B3A7E00DD5EEB /* OrderCell */,
				BBE32FCE1C328E5A0095BA88 /* CollectionTableViewCell.swift */,
				BBE32FCF1C328E5A0095BA88 /* OrderTableViewCell.swift */,
				71C3A42A1C3185300042F851 /* UserViewController.swift */,
				BBE32FC21C3227CE0095BA88 /* MyCollectionViewController.swift */,
				BBE32FC41C3227EE0095BA88 /* MyOrderViewController.swift */,
				BBE32FC61C3228000095BA88 /* ChangePWDViewController.swift */,
				BBE32FC81C328BD60095BA88 /* PayOrderViewController.swift */,
				7194D5A61C5A591700294A8A /* PersonInfoViewController.swift */,
				7172AFEE1C8739DA00E37337 /* OrderDetailViewController.swift */,
				714B0DE61C8B2F4F00DD5EEB /* ConfirmOrderViewController.swift */,
				714B0DF51C8BF10E00DD5EEB /* OrderInfoViewController.swift */,
				BB47B29E1C8E736D00323AD5 /* CustomPickView.swift */,
			);
			path = UserCenter;
			sourceTree = "<group>";
		};
		93392BDEC5AD4A60222FC056 /* Pods */ = {
			isa = PBXGroup;
			children = (
				F372F1E61691C173103A6F51 /* Pods.debug.xcconfig */,
				F85F8EDCC90C6F5369D98E8A /* Pods.release.xcconfig */,
			);
			name = Pods;
			sourceTree = "<group>";
		};
		BB1128161C58517600297DAD /* PromptView */ = {
			isa = PBXGroup;
			children = (
				BB11281B1C58582200297DAD /* LyActivityView.swift */,
				BB11281C1C58582200297DAD /* LyPrompt.swift */,
			);
			path = PromptView;
			sourceTree = "<group>";
		};
		BB11281F1C5868AA00297DAD /* AES */ = {
			isa = PBXGroup;
			children = (
				BB1128201C5868AA00297DAD /* NSData+AES.h */,
				BB1128211C5868AA00297DAD /* NSData+AES.m */,
				BB1128221C5868AA00297DAD /* NSString+AES.h */,
				BB1128231C5868AA00297DAD /* NSString+AES.m */,
			);
			path = AES;
			sourceTree = "<group>";
		};
		BB643BA51C30EE4C00BE6790 = {
			isa = PBXGroup;
			children = (
				BB643BD11C30EEFE00BE6790 /* readme.txt */,
				BB643BB01C30EE4C00BE6790 /* Marketing */,
				BB643BC51C30EE4C00BE6790 /* MarketingUITests */,
				BB643BAF1C30EE4C00BE6790 /* Products */,
				93392BDEC5AD4A60222FC056 /* Pods */,
				385EDFD57E19E70DC646D726 /* Frameworks */,
			);
			sourceTree = "<group>";
		};
		BB643BAF1C30EE4C00BE6790 /* Products */ = {
			isa = PBXGroup;
			children = (
				BB643BAE1C30EE4C00BE6790 /* Marketing.app */,
				BB643BC21C30EE4C00BE6790 /* MarketingUITests.xctest */,
			);
			name = Products;
			sourceTree = "<group>";
		};
		BB643BB01C30EE4C00BE6790 /* Marketing */ = {
			isa = PBXGroup;
			children = (
				BB1128271C586A8800297DAD /* Marketing-Bridging-Header.h */,
				BB52E9721C47369600E0D1EC /* QNSharedDatas.swift */,
				BB643BD51C30EF0E00BE6790 /* Constents.swift */,
				BB643BDF1C30EF0E00BE6790 /* QNStyleAttribute.swift */,
				71C3A4201C3184BC0042F851 /* Market */,
				71C3A4211C3184BC0042F851 /* Nearby */,
				71C3A4221C3184BC0042F851 /* Promotion */,
				71C3A4231C3184BC0042F851 /* UserCenter */,
				BB643BD31C30EF0E00BE6790 /* Base */,
				BB643BD61C30EF0E00BE6790 /* DataModule */,
				BB643BD81C30EF0E00BE6790 /* Extension */,
				BB643BDD1C30EF0E00BE6790 /* Librarys */,
				BB643BDE1C30EF0E00BE6790 /* Login */,
				BB643BE01C30EF0E00BE6790 /* Resources */,
				BB643BE11C30EF0E00BE6790 /* Tools */,
				BB643BB11C30EE4C00BE6790 /* AppDelegate.swift */,
				71C3A41B1C3175B50042F851 /* Login.storyboard */,
				BB643BB51C30EE4C00BE6790 /* Main.storyboard */,
				BB643BB81C30EE4C00BE6790 /* Assets.xcassets */,
				BB643BBA1C30EE4C00BE6790 /* LaunchScreen.storyboard */,
				BB643BBD1C30EE4C00BE6790 /* Info.plist */,
			);
			path = Marketing;
			sourceTree = "<group>";
		};
		BB643BC51C30EE4C00BE6790 /* MarketingUITests */ = {
			isa = PBXGroup;
			children = (
				BB643BC61C30EE4C00BE6790 /* MarketingUITests.swift */,
				BB643BC81C30EE4C00BE6790 /* Info.plist */,
			);
			path = MarketingUITests;
			sourceTree = "<group>";
		};
		BB643BD31C30EF0E00BE6790 /* Base */ = {
			isa = PBXGroup;
			children = (
				BB643BD41C30EF0E00BE6790 /* QNTabBarController.swift */,
				BBF1C5C81C4F59D80057FDE4 /* BaseViewController.swift */,
			);
			path = Base;
			sourceTree = "<group>";
		};
		BB643BD61C30EF0E00BE6790 /* DataModule */ = {
			isa = PBXGroup;
			children = (
				BB643BD71C30EF0E00BE6790 /* QN_Base.swift */,
				BB52E9701C47328200E0D1EC /* User.swift */,
				BB52E9741C47764900E0D1EC /* Shop.swift */,
				BB033B441C59E3C3007DB94D /* Category.swift */,
				BB033B461C59E5DF007DB94D /* Good.swift */,
				BB033B481C59EA88007DB94D /* AdModel.swift */,
				BBFF7C831C852C6C0092C7CB /* Order.swift */,
				BBFF7C851C8533970092C7CB /* BusinessCategory.swift */,
				BBFF7C871C8575250092C7CB /* ShopCategory.swift */,
				BBFF7C8B1C8583BA0092C7CB /* Address.swift */,
				71105C7B1C983DEB009A7A10 /* ShopGood.swift */,
			);
			path = DataModule;
			sourceTree = "<group>";
		};
		BB643BD81C30EF0E00BE6790 /* Extension */ = {
			isa = PBXGroup;
			children = (
				BB643BD91C30EF0E00BE6790 /* StringExtension.swift */,
				BB643BDA1C30EF0E00BE6790 /* UIImageExtension.swift */,
				BB643BDB1C30EF0E00BE6790 /* UIViewControllerExtension.swift */,
				BB643BDC1C30EF0E00BE6790 /* UIViewExtension.swift */,
			);
			path = Extension;
			sourceTree = "<group>";
		};
		BB643BDD1C30EF0E00BE6790 /* Librarys */ = {
			isa = PBXGroup;
			children = (
				719177E61CA6E955008464B1 /* IPAdress.h */,
				71BD9BAC1C95B0B7006B6AE2 /* Alipay */,
				BB11281F1C5868AA00297DAD /* AES */,
				BB1128161C58517600297DAD /* PromptView */,
				7198618E1C4B6EFC00803F26 /* Weixin */,
				BB2896B71CAA532400AB70FA /* IP.h */,
				BB2896B81CAA532400AB70FA /* IP.m */,
			);
			path = Librarys;
			sourceTree = "<group>";
		};
		BB643BDE1C30EF0E00BE6790 /* Login */ = {
			isa = PBXGroup;
			children = (
				71C3A40D1C3175980042F851 /* ForgetPasswordViewController.swift */,
				71C3A40E1C3175980042F851 /* LoginViewController.swift */,
				71C3A40F1C3175980042F851 /* RegisterViewController.swift */,
			);
			path = Login;
			sourceTree = "<group>";
		};
		BB643BE01C30EF0E00BE6790 /* Resources */ = {
			isa = PBXGroup;
			children = (
				BB47B2A21C8E94F300323AD5 /* address.db */,
			);
			path = Resources;
			sourceTree = "<group>";
		};
		BB643BE11C30EF0E00BE6790 /* Tools */ = {
			isa = PBXGroup;
			children = (
				71D834BF1C8F04C000B9C6F3 /* QNFormatTool.swift */,
				71C3A41E1C31771E0042F851 /* QNInterceptor.swift */,
				BB643BE21C30EF0E00BE6790 /* QNNetworkTool.swift */,
				BB643BE31C30EF0E00BE6790 /* QNTool.swift */,
			);
			path = Tools;
			sourceTree = "<group>";
		};
/* End PBXGroup section */

/* Begin PBXNativeTarget section */
		BB643BAD1C30EE4C00BE6790 /* Marketing */ = {
			isa = PBXNativeTarget;
			buildConfigurationList = BB643BCB1C30EE4C00BE6790 /* Build configuration list for PBXNativeTarget "Marketing" */;
			buildPhases = (
				C061D5B33284C0024CE34A99 /* Check Pods Manifest.lock */,
				BB643BAA1C30EE4C00BE6790 /* Sources */,
				BB643BAB1C30EE4C00BE6790 /* Frameworks */,
				BB643BAC1C30EE4C00BE6790 /* Resources */,
				6BB885DC97DB91B56D39969C /* Embed Pods Frameworks */,
				68E2431620464F0A68E28021 /* Copy Pods Resources */,
			);
			buildRules = (
			);
			dependencies = (
			);
			name = Marketing;
			productName = Marketing;
			productReference = BB643BAE1C30EE4C00BE6790 /* Marketing.app */;
			productType = "com.apple.product-type.application";
		};
		BB643BC11C30EE4C00BE6790 /* MarketingUITests */ = {
			isa = PBXNativeTarget;
			buildConfigurationList = BB643BCE1C30EE4C00BE6790 /* Build configuration list for PBXNativeTarget "MarketingUITests" */;
			buildPhases = (
				BB643BBE1C30EE4C00BE6790 /* Sources */,
				BB643BBF1C30EE4C00BE6790 /* Frameworks */,
				BB643BC01C30EE4C00BE6790 /* Resources */,
			);
			buildRules = (
			);
			dependencies = (
				BB643BC41C30EE4C00BE6790 /* PBXTargetDependency */,
			);
			name = MarketingUITests;
			productName = MarketingUITests;
			productReference = BB643BC21C30EE4C00BE6790 /* MarketingUITests.xctest */;
			productType = "com.apple.product-type.bundle.ui-testing";
		};
/* End PBXNativeTarget section */

/* Begin PBXProject section */
		BB643BA61C30EE4C00BE6790 /* Project object */ = {
			isa = PBXProject;
			attributes = {
				LastSwiftUpdateCheck = 0720;
				LastUpgradeCheck = 0720;
				ORGANIZATIONNAME = leiganzheng;
				TargetAttributes = {
					BB643BAD1C30EE4C00BE6790 = {
						CreatedOnToolsVersion = 7.2;
					};
					BB643BC11C30EE4C00BE6790 = {
						CreatedOnToolsVersion = 7.2;
						TestTargetID = BB643BAD1C30EE4C00BE6790;
					};
				};
			};
			buildConfigurationList = BB643BA91C30EE4C00BE6790 /* Build configuration list for PBXProject "Marketing" */;
			compatibilityVersion = "Xcode 3.2";
			developmentRegion = English;
			hasScannedForEncodings = 0;
			knownRegions = (
				en,
				Base,
			);
			mainGroup = BB643BA51C30EE4C00BE6790;
			productRefGroup = BB643BAF1C30EE4C00BE6790 /* Products */;
			projectDirPath = "";
			projectRoot = "";
			targets = (
				BB643BAD1C30EE4C00BE6790 /* Marketing */,
				BB643BC11C30EE4C00BE6790 /* MarketingUITests */,
			);
		};
/* End PBXProject section */

/* Begin PBXResourcesBuildPhase section */
		BB643BAC1C30EE4C00BE6790 /* Resources */ = {
			isa = PBXResourcesBuildPhase;
			buildActionMask = 2147483647;
			files = (
				71BD9BAF1C95B0B7006B6AE2 /* AlipaySDK.bundle in Resources */,
				71D834BE1C8DDDDA00B9C6F3 /* GoodTableViewCell.xib in Resources */,
				BB643BBC1C30EE4C00BE6790 /* LaunchScreen.storyboard in Resources */,
				BB643BB91C30EE4C00BE6790 /* Assets.xcassets in Resources */,
				71C3A41D1C3175B50042F851 /* Login.storyboard in Resources */,
				BB47B2A31C8E94F300323AD5 /* address.db in Resources */,
				BB643BD21C30EEFE00BE6790 /* readme.txt in Resources */,
				719861951C4B6EFC00803F26 /* read_me.txt in Resources */,
				BB643BB71C30EE4C00BE6790 /* Main.storyboard in Resources */,
			);
			runOnlyForDeploymentPostprocessing = 0;
		};
		BB643BC01C30EE4C00BE6790 /* Resources */ = {
			isa = PBXResourcesBuildPhase;
			buildActionMask = 2147483647;
			files = (
			);
			runOnlyForDeploymentPostprocessing = 0;
		};
/* End PBXResourcesBuildPhase section */

/* Begin PBXShellScriptBuildPhase section */
		68E2431620464F0A68E28021 /* Copy Pods Resources */ = {
			isa = PBXShellScriptBuildPhase;
			buildActionMask = 2147483647;
			files = (
			);
			inputPaths = (
			);
			name = "Copy Pods Resources";
			outputPaths = (
			);
			runOnlyForDeploymentPostprocessing = 0;
			shellPath = /bin/sh;
			shellScript = "\"${SRCROOT}/Pods/Target Support Files/Pods/Pods-resources.sh\"\n";
			showEnvVarsInLog = 0;
		};
		6BB885DC97DB91B56D39969C /* Embed Pods Frameworks */ = {
			isa = PBXShellScriptBuildPhase;
			buildActionMask = 2147483647;
			files = (
			);
			inputPaths = (
			);
			name = "Embed Pods Frameworks";
			outputPaths = (
			);
			runOnlyForDeploymentPostprocessing = 0;
			shellPath = /bin/sh;
			shellScript = "\"${SRCROOT}/Pods/Target Support Files/Pods/Pods-frameworks.sh\"\n";
			showEnvVarsInLog = 0;
		};
		C061D5B33284C0024CE34A99 /* Check Pods Manifest.lock */ = {
			isa = PBXShellScriptBuildPhase;
			buildActionMask = 2147483647;
			files = (
			);
			inputPaths = (
			);
			name = "Check Pods Manifest.lock";
			outputPaths = (
			);
			runOnlyForDeploymentPostprocessing = 0;
			shellPath = /bin/sh;
			shellScript = "diff \"${PODS_ROOT}/../Podfile.lock\" \"${PODS_ROOT}/Manifest.lock\" > /dev/null\nif [[ $? != 0 ]] ; then\n    cat << EOM\nerror: The sandbox is not in sync with the Podfile.lock. Run 'pod install' or update your CocoaPods installation.\nEOM\n    exit 1\nfi\n";
			showEnvVarsInLog = 0;
		};
/* End PBXShellScriptBuildPhase section */

/* Begin PBXSourcesBuildPhase section */
		BB643BAA1C30EE4C00BE6790 /* Sources */ = {
			isa = PBXSourcesBuildPhase;
			buildActionMask = 2147483647;
			files = (
				BB033B471C59E5DF007DB94D /* Good.swift in Sources */,
				714B0DEE1C8B3AC100DD5EEB /* TableViewCell3.swift in Sources */,
				BB643BE61C30EF0E00BE6790 /* QN_Base.swift in Sources */,
				71C3A42B1C3185300042F851 /* UserViewController.swift in Sources */,
				71D834BD1C8DDDDA00B9C6F3 /* GoodTableViewCell.swift in Sources */,
				BBF1C5C91C4F59D80057FDE4 /* BaseViewController.swift in Sources */,
				BBF93C371C33B4A60058894C /* NearbyBCollectionViewCell.swift in Sources */,
				BB52E9751C47764900E0D1EC /* Shop.swift in Sources */,
				BBFF7C841C852C6C0092C7CB /* Order.swift in Sources */,
				BBE32FC31C3227CE0095BA88 /* MyCollectionViewController.swift in Sources */,
				714B0DE71C8B2F4F00DD5EEB /* ConfirmOrderViewController.swift in Sources */,
				BBFF7C8A1C85798C0092C7CB /* ShopListTableViewController.swift in Sources */,
				BB52E9711C47328200E0D1EC /* User.swift in Sources */,
				BB643BEC1C30EF0E00BE6790 /* QNNetworkTool.swift in Sources */,
				71C3A4181C3175980042F851 /* LoginViewController.swift in Sources */,
				71C3A4171C3175980042F851 /* ForgetPasswordViewController.swift in Sources */,
				714B0DF61C8BF10E00DD5EEB /* OrderInfoViewController.swift in Sources */,
				BB643BE81C30EF0E00BE6790 /* UIImageExtension.swift in Sources */,
				BB643BEB1C30EF0E00BE6790 /* QNStyleAttribute.swift in Sources */,
				BB1128251C5868AA00297DAD /* NSString+AES.m in Sources */,
				714B0DF01C8B3ACB00DD5EEB /* TableViewCell4.swift in Sources */,
				714B0DF41C8B3ADC00DD5EEB /* TableViewCell6.swift in Sources */,
				BBFF7C8C1C8583BA0092C7CB /* Address.swift in Sources */,
				BB033B491C59EA88007DB94D /* AdModel.swift in Sources */,
				BBF93C351C33B49B0058894C /* NearbySCollectionViewCell.swift in Sources */,
				BB643BE71C30EF0E00BE6790 /* StringExtension.swift in Sources */,
				BB1128241C5868AA00297DAD /* NSData+AES.m in Sources */,
				BBE32FD01C328E5A0095BA88 /* CollectionTableViewCell.swift in Sources */,
				BB643BE91C30EF0E00BE6790 /* UIViewControllerExtension.swift in Sources */,
				714B0DEC1C8B3AB500DD5EEB /* TableViewCell2.swift in Sources */,
				BBE32FD11C328E5A0095BA88 /* OrderTableViewCell.swift in Sources */,
				7172AFEF1C8739DA00E37337 /* OrderDetailViewController.swift in Sources */,
				714B0DF21C8B3AD400DD5EEB /* TableViewCell5.swift in Sources */,
				714B0DF81C8BF55F00DD5EEB /* OrderDetailTableViewCell.swift in Sources */,
				71C3A4191C3175980042F851 /* RegisterViewController.swift in Sources */,
				BB52E9731C47369600E0D1EC /* QNSharedDatas.swift in Sources */,
				71D834BA1C8DD98700B9C6F3 /* GoodsListViewController.swift in Sources */,
				BB033B451C59E3C3007DB94D /* Category.swift in Sources */,
				BB643BB21C30EE4C00BE6790 /* AppDelegate.swift in Sources */,
				BB11281D1C58582200297DAD /* LyActivityView.swift in Sources */,
				BB643BED1C30EF0E00BE6790 /* QNTool.swift in Sources */,
				BB11281E1C58582200297DAD /* LyPrompt.swift in Sources */,
				BBFF7C881C8575250092C7CB /* ShopCategory.swift in Sources */,
				BBF93C331C33AF1E0058894C /* PromotionCollectionViewCell.swift in Sources */,
				BB47B29F1C8E736D00323AD5 /* CustomPickView.swift in Sources */,
				7194D5A71C5A591700294A8A /* PersonInfoViewController.swift in Sources */,
				71C3A4251C3185000042F851 /* NearbyViewController.swift in Sources */,
				BB2896B91CAA532400AB70FA /* IP.m in Sources */,
				BB643BEA1C30EF0E00BE6790 /* UIViewExtension.swift in Sources */,
				7172AFED1C87347300E37337 /* ShopDetailViewController.swift in Sources */,
				BB643BE41C30EF0E00BE6790 /* QNTabBarController.swift in Sources */,
				BB643BE51C30EF0E00BE6790 /* Constents.swift in Sources */,
				BBE32FC71C3228000095BA88 /* ChangePWDViewController.swift in Sources */,
				BBFF7C861C8533970092C7CB /* BusinessCategory.swift in Sources */,
				71C3A4271C3185100042F851 /* MarketViewController.swift in Sources */,
				BBE32FC91C328BD60095BA88 /* PayOrderViewController.swift in Sources */,
				714B0DEA1C8B3AAC00DD5EEB /* TableViewCell1.swift in Sources */,
				71C3A4291C31851E0042F851 /* PromotionViewController.swift in Sources */,
				71D834C01C8F04C000B9C6F3 /* QNFormatTool.swift in Sources */,
				71105C7C1C983DEB009A7A10 /* ShopGood.swift in Sources */,
				71C3A41F1C31771E0042F851 /* QNInterceptor.swift in Sources */,
				BBF93C391C33B8490058894C /* MarketCollectionViewCell.swift in Sources */,
				BBE32FC51C3227EE0095BA88 /* MyOrderViewController.swift in Sources */,
			);
			runOnlyForDeploymentPostprocessing = 0;
		};
		BB643BBE1C30EE4C00BE6790 /* Sources */ = {
			isa = PBXSourcesBuildPhase;
			buildActionMask = 2147483647;
			files = (
				BB643BC71C30EE4C00BE6790 /* MarketingUITests.swift in Sources */,
			);
			runOnlyForDeploymentPostprocessing = 0;
		};
/* End PBXSourcesBuildPhase section */

/* Begin PBXTargetDependency section */
		BB643BC41C30EE4C00BE6790 /* PBXTargetDependency */ = {
			isa = PBXTargetDependency;
			target = BB643BAD1C30EE4C00BE6790 /* Marketing */;
			targetProxy = BB643BC31C30EE4C00BE6790 /* PBXContainerItemProxy */;
		};
/* End PBXTargetDependency section */

/* Begin PBXVariantGroup section */
		71C3A41B1C3175B50042F851 /* Login.storyboard */ = {
			isa = PBXVariantGroup;
			children = (
				71C3A41C1C3175B50042F851 /* Base */,
			);
			name = Login.storyboard;
			sourceTree = "<group>";
		};
		BB643BB51C30EE4C00BE6790 /* Main.storyboard */ = {
			isa = PBXVariantGroup;
			children = (
				BB643BB61C30EE4C00BE6790 /* Base */,
			);
			name = Main.storyboard;
			sourceTree = "<group>";
		};
		BB643BBA1C30EE4C00BE6790 /* LaunchScreen.storyboard */ = {
			isa = PBXVariantGroup;
			children = (
				BB643BBB1C30EE4C00BE6790 /* Base */,
			);
			name = LaunchScreen.storyboard;
			sourceTree = "<group>";
		};
/* End PBXVariantGroup section */

/* Begin XCBuildConfiguration section */
		BB643BC91C30EE4C00BE6790 /* Debug */ = {
			isa = XCBuildConfiguration;
			buildSettings = {
				ALWAYS_SEARCH_USER_PATHS = NO;
				CLANG_CXX_LANGUAGE_STANDARD = "gnu++0x";
				CLANG_CXX_LIBRARY = "libc++";
				CLANG_ENABLE_MODULES = YES;
				CLANG_ENABLE_OBJC_ARC = YES;
				CLANG_WARN_BOOL_CONVERSION = YES;
				CLANG_WARN_CONSTANT_CONVERSION = YES;
				CLANG_WARN_DIRECT_OBJC_ISA_USAGE = YES_ERROR;
				CLANG_WARN_EMPTY_BODY = YES;
				CLANG_WARN_ENUM_CONVERSION = YES;
				CLANG_WARN_INT_CONVERSION = YES;
				CLANG_WARN_OBJC_ROOT_CLASS = YES_ERROR;
				CLANG_WARN_UNREACHABLE_CODE = YES;
				CLANG_WARN__DUPLICATE_METHOD_MATCH = YES;
				"CODE_SIGN_IDENTITY[sdk=iphoneos*]" = "iPhone Developer";
				COPY_PHASE_STRIP = NO;
				DEBUG_INFORMATION_FORMAT = dwarf;
				ENABLE_STRICT_OBJC_MSGSEND = YES;
				ENABLE_TESTABILITY = YES;
				GCC_C_LANGUAGE_STANDARD = gnu99;
				GCC_DYNAMIC_NO_PIC = NO;
				GCC_NO_COMMON_BLOCKS = YES;
				GCC_OPTIMIZATION_LEVEL = 0;
				GCC_PREPROCESSOR_DEFINITIONS = (
					"DEBUG=1",
					"$(inherited)",
				);
				GCC_WARN_64_TO_32_BIT_CONVERSION = YES;
				GCC_WARN_ABOUT_RETURN_TYPE = YES_ERROR;
				GCC_WARN_UNDECLARED_SELECTOR = YES;
				GCC_WARN_UNINITIALIZED_AUTOS = YES_AGGRESSIVE;
				GCC_WARN_UNUSED_FUNCTION = YES;
				GCC_WARN_UNUSED_VARIABLE = YES;
				IPHONEOS_DEPLOYMENT_TARGET = 9.2;
				MTL_ENABLE_DEBUG_INFO = YES;
				ONLY_ACTIVE_ARCH = YES;
				SDKROOT = iphoneos;
				SWIFT_OPTIMIZATION_LEVEL = "-Onone";
			};
			name = Debug;
		};
		BB643BCA1C30EE4C00BE6790 /* Release */ = {
			isa = XCBuildConfiguration;
			buildSettings = {
				ALWAYS_SEARCH_USER_PATHS = NO;
				CLANG_CXX_LANGUAGE_STANDARD = "gnu++0x";
				CLANG_CXX_LIBRARY = "libc++";
				CLANG_ENABLE_MODULES = YES;
				CLANG_ENABLE_OBJC_ARC = YES;
				CLANG_WARN_BOOL_CONVERSION = YES;
				CLANG_WARN_CONSTANT_CONVERSION = YES;
				CLANG_WARN_DIRECT_OBJC_ISA_USAGE = YES_ERROR;
				CLANG_WARN_EMPTY_BODY = YES;
				CLANG_WARN_ENUM_CONVERSION = YES;
				CLANG_WARN_INT_CONVERSION = YES;
				CLANG_WARN_OBJC_ROOT_CLASS = YES_ERROR;
				CLANG_WARN_UNREACHABLE_CODE = YES;
				CLANG_WARN__DUPLICATE_METHOD_MATCH = YES;
				"CODE_SIGN_IDENTITY[sdk=iphoneos*]" = "iPhone Developer";
				COPY_PHASE_STRIP = NO;
				DEBUG_INFORMATION_FORMAT = "dwarf-with-dsym";
				ENABLE_NS_ASSERTIONS = NO;
				ENABLE_STRICT_OBJC_MSGSEND = YES;
				GCC_C_LANGUAGE_STANDARD = gnu99;
				GCC_NO_COMMON_BLOCKS = YES;
				GCC_WARN_64_TO_32_BIT_CONVERSION = YES;
				GCC_WARN_ABOUT_RETURN_TYPE = YES_ERROR;
				GCC_WARN_UNDECLARED_SELECTOR = YES;
				GCC_WARN_UNINITIALIZED_AUTOS = YES_AGGRESSIVE;
				GCC_WARN_UNUSED_FUNCTION = YES;
				GCC_WARN_UNUSED_VARIABLE = YES;
				IPHONEOS_DEPLOYMENT_TARGET = 9.2;
				MTL_ENABLE_DEBUG_INFO = NO;
				SDKROOT = iphoneos;
				VALIDATE_PRODUCT = YES;
			};
			name = Release;
		};
		BB643BCC1C30EE4C00BE6790 /* Debug */ = {
			isa = XCBuildConfiguration;
			baseConfigurationReference = F372F1E61691C173103A6F51 /* Pods.debug.xcconfig */;
			buildSettings = {
				ASSETCATALOG_COMPILER_APPICON_NAME = AppIcon;
				CODE_SIGN_IDENTITY = "";
				FRAMEWORK_SEARCH_PATHS = (
					"$(inherited)",
					"$(PROJECT_DIR)/Marketing/Librarys/Alipay",
				);
				INFOPLIST_FILE = Marketing/Info.plist;
				IPHONEOS_DEPLOYMENT_TARGET = 8.0;
				LD_RUNPATH_SEARCH_PATHS = "$(inherited) @executable_path/Frameworks";
				LIBRARY_SEARCH_PATHS = (
					"$(inherited)",
					"$(PROJECT_DIR)/Marketing/Librarys/Weixin",
				);
				PRODUCT_BUNDLE_IDENTIFIER = ddd.Marketing;
				PRODUCT_NAME = "$(TARGET_NAME)";
				PROVISIONING_PROFILE = "c9cd00e5-5246-4a32-b5e0-1f201733954d";
				SWIFT_OBJC_BRIDGING_HEADER = "Marketing/Marketing-Bridging-Header.h";
				SWIFT_OBJC_INTERFACE_HEADER_NAME = "$(SWIFT_MODULE_NAME)-Swift.h";
			};
			name = Debug;
		};
		BB643BCD1C30EE4C00BE6790 /* Release */ = {
			isa = XCBuildConfiguration;
			baseConfigurationReference = F85F8EDCC90C6F5369D98E8A /* Pods.release.xcconfig */;
			buildSettings = {
				ASSETCATALOG_COMPILER_APPICON_NAME = AppIcon;
				CODE_SIGN_IDENTITY = "";
				FRAMEWORK_SEARCH_PATHS = (
					"$(inherited)",
					"$(PROJECT_DIR)/Marketing/Librarys/Alipay",
				);
				INFOPLIST_FILE = Marketing/Info.plist;
				IPHONEOS_DEPLOYMENT_TARGET = 8.0;
				LD_RUNPATH_SEARCH_PATHS = "$(inherited) @executable_path/Frameworks";
				LIBRARY_SEARCH_PATHS = (
					"$(inherited)",
					"$(PROJECT_DIR)/Marketing/Librarys/Weixin",
				);
				PRODUCT_BUNDLE_IDENTIFIER = ddd.Marketing;
				PRODUCT_NAME = "$(TARGET_NAME)";
				PROVISIONING_PROFILE = "c9cd00e5-5246-4a32-b5e0-1f201733954d";
				SWIFT_OBJC_BRIDGING_HEADER = "Marketing/Marketing-Bridging-Header.h";
				SWIFT_OBJC_INTERFACE_HEADER_NAME = "$(SWIFT_MODULE_NAME)-Swift.h";
			};
			name = Release;
		};
		BB643BCF1C30EE4C00BE6790 /* Debug */ = {
			isa = XCBuildConfiguration;
			buildSettings = {
				INFOPLIST_FILE = MarketingUITests/Info.plist;
				LD_RUNPATH_SEARCH_PATHS = "$(inherited) @executable_path/Frameworks @loader_path/Frameworks";
				PRODUCT_BUNDLE_IDENTIFIER = ddd.MarketingUITests;
				PRODUCT_NAME = "$(TARGET_NAME)";
				TEST_TARGET_NAME = Marketing;
				USES_XCTRUNNER = YES;
			};
			name = Debug;
		};
		BB643BD01C30EE4C00BE6790 /* Release */ = {
			isa = XCBuildConfiguration;
			buildSettings = {
				INFOPLIST_FILE = MarketingUITests/Info.plist;
				LD_RUNPATH_SEARCH_PATHS = "$(inherited) @executable_path/Frameworks @loader_path/Frameworks";
				PRODUCT_BUNDLE_IDENTIFIER = ddd.MarketingUITests;
				PRODUCT_NAME = "$(TARGET_NAME)";
				TEST_TARGET_NAME = Marketing;
				USES_XCTRUNNER = YES;
			};
			name = Release;
		};
/* End XCBuildConfiguration section */

/* Begin XCConfigurationList section */
		BB643BA91C30EE4C00BE6790 /* Build configuration list for PBXProject "Marketing" */ = {
			isa = XCConfigurationList;
			buildConfigurations = (
				BB643BC91C30EE4C00BE6790 /* Debug */,
				BB643BCA1C30EE4C00BE6790 /* Release */,
			);
			defaultConfigurationIsVisible = 0;
			defaultConfigurationName = Release;
		};
		BB643BCB1C30EE4C00BE6790 /* Build configuration list for PBXNativeTarget "Marketing" */ = {
			isa = XCConfigurationList;
			buildConfigurations = (
				BB643BCC1C30EE4C00BE6790 /* Debug */,
				BB643BCD1C30EE4C00BE6790 /* Release */,
			);
			defaultConfigurationIsVisible = 0;
			defaultConfigurationName = Release;
		};
		BB643BCE1C30EE4C00BE6790 /* Build configuration list for PBXNativeTarget "MarketingUITests" */ = {
			isa = XCConfigurationList;
			buildConfigurations = (
				BB643BCF1C30EE4C00BE6790 /* Debug */,
				BB643BD01C30EE4C00BE6790 /* Release */,
			);
			defaultConfigurationIsVisible = 0;
			defaultConfigurationName = Release;
		};
/* End XCConfigurationList section */
	};
	rootObject = BB643BA61C30EE4C00BE6790 /* Project object */;
}
